{
  "version": 4,
  "terraform_version": "1.14.4",
  "serial": 11,
  "lineage": "2d648300-28dd-f788-0288-f02369f4ab4c",
  "outputs": {
    "postgres_database_name": {
      "value": "sms_db",
      "type": "string"
    },
    "redis_hostname": {
      "value": "redis-sms-dev-student-management-system-dev-rg.redis.cache.windows.net",
      "type": "string"
    },
    "redis_ssl_port": {
      "value": 6380,
      "type": "number"
    },
    "resource_group_id": {
      "value": "/subscriptions/5c4f8d67-10a9-40f6-bc99-5a6bbeed3da2/resourceGroups/student-management-system-dev-rg",
      "type": "string"
    }
  },
  "resources": [
    {
      "mode": "data",
      "type": "azurerm_resource_group",
      "name": "existing_rg",
      "provider": "provider[\"registry.terraform.io/hashicorp/azurerm\"]",
      "instances": [
        {
          "schema_version": 0,
          "attributes": {
            "id": "/subscriptions/5c4f8d67-10a9-40f6-bc99-5a6bbeed3da2/resourceGroups/student-management-system-dev-rg",
            "location": "eastasia",
            "managed_by": "",
            "name": "student-management-system-dev-rg",
            "tags": {},
            "timeouts": null
          },
          "sensitive_attributes": [],
          "identity_schema_version": 0
        }
      ]
    },
    {
      "mode": "managed",
      "type": "azurerm_redis_cache",
      "name": "default",
      "provider": "provider[\"registry.terraform.io/hashicorp/azurerm\"]",
      "instances": [
        {
          "schema_version": 1,
          "attributes": {
            "capacity": 0,
            "enable_non_ssl_port": false,
            "family": "C",
            "hostname": "redis-sms-dev-student-management-system-dev-rg.redis.cache.windows.net",
            "id": "/subscriptions/5c4f8d67-10a9-40f6-bc99-5a6bbeed3da2/resourceGroups/student-management-system-dev-rg/providers/Microsoft.Cache/redis/redis-sms-dev-student-management-system-dev-rg",
            "identity": [],
            "location": "southeastasia",
            "minimum_tls_version": "1.2",
            "name": "redis-sms-dev-student-management-system-dev-rg",
            "non_ssl_port_enabled": false,
            "patch_schedule": [],
            "port": 6379,
            "primary_access_key": "ro4Dumlmzkab69zmw4j5fvzV4xotSLMlzAzCaFQl4gk=",
            "primary_connection_string": "redis-sms-dev-student-management-system-dev-rg.redis.cache.windows.net:6380,password=ro4Dumlmzkab69zmw4j5fvzV4xotSLMlzAzCaFQl4gk=,ssl=true,abortConnect=False",
            "private_static_ip_address": "",
            "public_network_access_enabled": true,
            "redis_configuration": [
              {
                "active_directory_authentication_enabled": false,
                "aof_backup_enabled": false,
                "aof_storage_connection_string_0": "",
                "aof_storage_connection_string_1": "",
                "authentication_enabled": true,
                "data_persistence_authentication_method": "SAS",
                "enable_authentication": true,
                "maxclients": 256,
                "maxfragmentationmemory_reserved": 30,
                "maxmemory_delta": 30,
                "maxmemory_policy": "volatile-lru",
                "maxmemory_reserved": 30,
                "notify_keyspace_events": "",
                "rdb_backup_enabled": false,
                "rdb_backup_frequency": 0,
                "rdb_backup_max_snapshot_count": 0,
                "rdb_storage_connection_string": "",
                "storage_account_subscription_id": ""
              }
            ],
            "redis_version": "6.0",
            "replicas_per_master": 0,
            "replicas_per_primary": 0,
            "resource_group_name": "student-management-system-dev-rg",
            "secondary_access_key": "zIIk6qrl6GGiyEp3xg0DCQy7I59kRoPt1AzCaMMwdJo=",
            "secondary_connection_string": "redis-sms-dev-student-management-system-dev-rg.redis.cache.windows.net:6380,password=zIIk6qrl6GGiyEp3xg0DCQy7I59kRoPt1AzCaMMwdJo=,ssl=true,abortConnect=False",
            "shard_count": 0,
            "sku_name": "Basic",
            "ssl_port": 6380,
            "subnet_id": "",
            "tags": null,
            "tenant_settings": null,
            "timeouts": null,
            "zones": null
          },
          "sensitive_attributes": [
            [
              {
                "type": "get_attr",
                "value": "primary_access_key"
              }
            ],
            [
              {
                "type": "get_attr",
                "value": "primary_connection_string"
              }
            ],
            [
              {
                "type": "get_attr",
                "value": "redis_configuration"
              },
              {
                "type": "index",
                "value": {
                  "value": 0,
                  "type": "number"
                }
              },
              {
                "type": "get_attr",
                "value": "aof_storage_connection_string_0"
              }
            ],
            [
              {
                "type": "get_attr",
                "value": "redis_configuration"
              },
              {
                "type": "index",
                "value": {
                  "value": 0,
                  "type": "number"
                }
              },
              {
                "type": "get_attr",
                "value": "aof_storage_connection_string_1"
              }
            ],
            [
              {
                "type": "get_attr",
                "value": "redis_configuration"
              },
              {
                "type": "index",
                "value": {
                  "value": 0,
                  "type": "number"
                }
              },
              {
                "type": "get_attr",
                "value": "rdb_storage_connection_string"
              }
            ],
            [
              {
                "type": "get_attr",
                "value": "secondary_access_key"
              }
            ],
            [
              {
                "type": "get_attr",
                "value": "secondary_connection_string"
              }
            ]
          ],
          "identity_schema_version": 0,
          "private": "eyJlMmJmYjczMC1lY2FhLTExZTYtOGY4OC0zNDM2M2JjN2M0YzAiOnsiY3JlYXRlIjoxMDgwMDAwMDAwMDAwMCwiZGVsZXRlIjoxMDgwMDAwMDAwMDAwMCwicmVhZCI6MzAwMDAwMDAwMDAwLCJ1cGRhdGUiOjEwODAwMDAwMDAwMDAwfSwic2NoZW1hX3ZlcnNpb24iOiIxIn0=",
          "dependencies": [
            "data.azurerm_resource_group.existing_rg"
          ]
        }
      ]
    }
  ],
  "check_results": [
    {
      "object_kind": "var",
      "config_addr": "var.db_username",
      "status": "pass",
      "objects": [
        {
          "object_addr": "var.db_username",
          "status": "pass"
        }
      ]
    }
  ]
}
