{
  "version": 4,
  "terraform_version": "1.14.4",
  "serial": 19,
  "lineage": "2d648300-28dd-f788-0288-f02369f4ab4c",
  "outputs": {
    "postgres_database_name": {
      "value": "sms_db",
      "type": "string"
    },
    "postgres_server_host": {
      "value": "psql-sms-dev-cqg2ev.postgres.database.azure.com",
      "type": "string"
    },
    "redis_hostname": {
      "value": "redis-sms-dev-cqg2ev.redis.cache.windows.net",
      "type": "string"
    },
    "redis_ssl_port": {
      "value": 6380,
      "type": "number"
    },
    "resource_group_id": {
      "value": "/subscriptions/5c4f8d67-10a9-40f6-bc99-5a6bbeed3da2/resourceGroups/student-management-system-dev-rg",
      "type": "string"
    }
  },
  "resources": [
    {
      "mode": "data",
      "type": "azurerm_resource_group",
      "name": "existing_rg",
      "provider": "provider[\"registry.terraform.io/hashicorp/azurerm\"]",
      "instances": [
        {
          "schema_version": 0,
          "attributes": {
            "id": "/subscriptions/5c4f8d67-10a9-40f6-bc99-5a6bbeed3da2/resourceGroups/student-management-system-dev-rg",
            "location": "eastasia",
            "managed_by": "",
            "name": "student-management-system-dev-rg",
            "tags": {},
            "timeouts": null
          },
          "sensitive_attributes": [],
          "identity_schema_version": 0
        }
      ]
    },
    {
      "mode": "managed",
      "type": "azurerm_postgresql_flexible_server",
      "name": "default",
      "provider": "provider[\"registry.terraform.io/hashicorp/azurerm\"]",
      "instances": [
        {
          "schema_version": 0,
          "attributes": {
            "administrator_login": "smsadmin",
            "administrator_password": "StudentManagement@2025",
            "authentication": [
              {
                "active_directory_auth_enabled": false,
                "password_auth_enabled": true,
                "tenant_id": ""
              }
            ],
            "auto_grow_enabled": false,
            "backup_retention_days": 7,
            "create_mode": null,
            "customer_managed_key": [],
            "delegated_subnet_id": "",
            "fqdn": "psql-sms-dev-cqg2ev.postgres.database.azure.com",
            "geo_redundant_backup_enabled": false,
            "high_availability": [],
            "id": "/subscriptions/5c4f8d67-10a9-40f6-bc99-5a6bbeed3da2/resourceGroups/student-management-system-dev-rg/providers/Microsoft.DBforPostgreSQL/flexibleServers/psql-sms-dev-cqg2ev",
            "identity": [],
            "location": "southeastasia",
            "maintenance_window": [],
            "name": "psql-sms-dev-cqg2ev",
            "point_in_time_restore_time_in_utc": null,
            "private_dns_zone_id": "",
            "public_network_access_enabled": true,
            "replication_role": "",
            "resource_group_name": "student-management-system-dev-rg",
            "sku_name": "B_Standard_B1ms",
            "source_server_id": null,
            "storage_mb": 32768,
            "storage_tier": "P4",
            "tags": null,
            "timeouts": null,
            "version": "13",
            "zone": "1"
          },
          "sensitive_attributes": [
            [
              {
                "type": "get_attr",
                "value": "administrator_password"
              }
            ]
          ],
          "identity_schema_version": 0,
          "private": "eyJlMmJmYjczMC1lY2FhLTExZTYtOGY4OC0zNDM2M2JjN2M0YzAiOnsiY3JlYXRlIjozNjAwMDAwMDAwMDAwLCJkZWxldGUiOjM2MDAwMDAwMDAwMDAsInJlYWQiOjMwMDAwMDAwMDAwMCwidXBkYXRlIjozNjAwMDAwMDAwMDAwfX0=",
          "dependencies": [
            "data.azurerm_resource_group.existing_rg",
            "random_string.suffix"
          ]
        }
      ]
    },
    {
      "mode": "managed",
      "type": "azurerm_postgresql_flexible_server_database",
      "name": "default",
      "provider": "provider[\"registry.terraform.io/hashicorp/azurerm\"]",
      "instances": [
        {
          "schema_version": 0,
          "attributes": {
            "charset": "UTF8",
            "collation": "en_US.utf8",
            "id": "/subscriptions/5c4f8d67-10a9-40f6-bc99-5a6bbeed3da2/resourceGroups/student-management-system-dev-rg/providers/Microsoft.DBforPostgreSQL/flexibleServers/psql-sms-dev-cqg2ev/databases/sms_db",
            "name": "sms_db",
            "server_id": "/subscriptions/5c4f8d67-10a9-40f6-bc99-5a6bbeed3da2/resourceGroups/student-management-system-dev-rg/providers/Microsoft.DBforPostgreSQL/flexibleServers/psql-sms-dev-cqg2ev",
            "timeouts": null
          },
          "sensitive_attributes": [],
          "identity_schema_version": 0,
          "private": "eyJlMmJmYjczMC1lY2FhLTExZTYtOGY4OC0zNDM2M2JjN2M0YzAiOnsiY3JlYXRlIjoxODAwMDAwMDAwMDAwLCJkZWxldGUiOjE4MDAwMDAwMDAwMDAsInJlYWQiOjMwMDAwMDAwMDAwMH19",
          "dependencies": [
            "azurerm_postgresql_flexible_server.default",
            "data.azurerm_resource_group.existing_rg",
            "random_string.suffix"
          ]
        }
      ]
    },
    {
      "mode": "managed",
      "type": "azurerm_postgresql_flexible_server_firewall_rule",
      "name": "allow_all",
      "provider": "provider[\"registry.terraform.io/hashicorp/azurerm\"]",
      "instances": [
        {
          "schema_version": 0,
          "attributes": {
            "end_ip_address": "255.255.255.255",
            "id": "/subscriptions/5c4f8d67-10a9-40f6-bc99-5a6bbeed3da2/resourceGroups/student-management-system-dev-rg/providers/Microsoft.DBforPostgreSQL/flexibleServers/psql-sms-dev-cqg2ev/firewallRules/allow-all",
            "name": "allow-all",
            "server_id": "/subscriptions/5c4f8d67-10a9-40f6-bc99-5a6bbeed3da2/resourceGroups/student-management-system-dev-rg/providers/Microsoft.DBforPostgreSQL/flexibleServers/psql-sms-dev-cqg2ev",
            "start_ip_address": "0.0.0.0",
            "timeouts": null
          },
          "sensitive_attributes": [],
          "identity_schema_version": 0,
          "private": "eyJlMmJmYjczMC1lY2FhLTExZTYtOGY4OC0zNDM2M2JjN2M0YzAiOnsiY3JlYXRlIjoxODAwMDAwMDAwMDAwLCJkZWxldGUiOjE4MDAwMDAwMDAwMDAsInJlYWQiOjMwMDAwMDAwMDAwMCwidXBkYXRlIjoxODAwMDAwMDAwMDAwfX0=",
          "dependencies": [
            "azurerm_postgresql_flexible_server.default",
            "data.azurerm_resource_group.existing_rg",
            "random_string.suffix"
          ]
        }
      ]
    },
    {
      "mode": "managed",
      "type": "azurerm_postgresql_flexible_server_firewall_rule",
      "name": "allow_azure_services",
      "provider": "provider[\"registry.terraform.io/hashicorp/azurerm\"]",
      "instances": [
        {
          "schema_version": 0,
          "attributes": {
            "end_ip_address": "0.0.0.0",
            "id": "/subscriptions/5c4f8d67-10a9-40f6-bc99-5a6bbeed3da2/resourceGroups/student-management-system-dev-rg/providers/Microsoft.DBforPostgreSQL/flexibleServers/psql-sms-dev-cqg2ev/firewallRules/allow-azure-services",
            "name": "allow-azure-services",
            "server_id": "/subscriptions/5c4f8d67-10a9-40f6-bc99-5a6bbeed3da2/resourceGroups/student-management-system-dev-rg/providers/Microsoft.DBforPostgreSQL/flexibleServers/psql-sms-dev-cqg2ev",
            "start_ip_address": "0.0.0.0",
            "timeouts": null
          },
          "sensitive_attributes": [],
          "identity_schema_version": 0,
          "private": "eyJlMmJmYjczMC1lY2FhLTExZTYtOGY4OC0zNDM2M2JjN2M0YzAiOnsiY3JlYXRlIjoxODAwMDAwMDAwMDAwLCJkZWxldGUiOjE4MDAwMDAwMDAwMDAsInJlYWQiOjMwMDAwMDAwMDAwMCwidXBkYXRlIjoxODAwMDAwMDAwMDAwfX0=",
          "dependencies": [
            "azurerm_postgresql_flexible_server.default",
            "data.azurerm_resource_group.existing_rg",
            "random_string.suffix"
          ]
        }
      ]
    },
    {
      "mode": "managed",
      "type": "azurerm_redis_cache",
      "name": "default",
      "provider": "provider[\"registry.terraform.io/hashicorp/azurerm\"]",
      "instances": [
        {
          "schema_version": 1,
          "attributes": {
            "capacity": 0,
            "enable_non_ssl_port": false,
            "family": "C",
            "hostname": "redis-sms-dev-cqg2ev.redis.cache.windows.net",
            "id": "/subscriptions/5c4f8d67-10a9-40f6-bc99-5a6bbeed3da2/resourceGroups/student-management-system-dev-rg/providers/Microsoft.Cache/redis/redis-sms-dev-cqg2ev",
            "identity": [],
            "location": "southeastasia",
            "minimum_tls_version": "1.2",
            "name": "redis-sms-dev-cqg2ev",
            "non_ssl_port_enabled": false,
            "patch_schedule": [],
            "port": 6379,
            "primary_access_key": "FtOn3cLZsUujPx7zWmjLhvTmuKTNlX88eAzCaEjk1Hg=",
            "primary_connection_string": "redis-sms-dev-cqg2ev.redis.cache.windows.net:6380,password=FtOn3cLZsUujPx7zWmjLhvTmuKTNlX88eAzCaEjk1Hg=,ssl=true,abortConnect=False",
            "private_static_ip_address": "",
            "public_network_access_enabled": true,
            "redis_configuration": [
              {
                "active_directory_authentication_enabled": false,
                "aof_backup_enabled": false,
                "aof_storage_connection_string_0": "",
                "aof_storage_connection_string_1": "",
                "authentication_enabled": true,
                "data_persistence_authentication_method": "SAS",
                "enable_authentication": true,
                "maxclients": 256,
                "maxfragmentationmemory_reserved": 30,
                "maxmemory_delta": 30,
                "maxmemory_policy": "volatile-lru",
                "maxmemory_reserved": 30,
                "notify_keyspace_events": "",
                "rdb_backup_enabled": false,
                "rdb_backup_frequency": 0,
                "rdb_backup_max_snapshot_count": 0,
                "rdb_storage_connection_string": "",
                "storage_account_subscription_id": ""
              }
            ],
            "redis_version": "6.0",
            "replicas_per_master": 0,
            "replicas_per_primary": 0,
            "resource_group_name": "student-management-system-dev-rg",
            "secondary_access_key": "T0mybVoy6X8TbORrMa5c7eaXJk6txVZSuAzCaD2HW5s=",
            "secondary_connection_string": "redis-sms-dev-cqg2ev.redis.cache.windows.net:6380,password=T0mybVoy6X8TbORrMa5c7eaXJk6txVZSuAzCaD2HW5s=,ssl=true,abortConnect=False",
            "shard_count": 0,
            "sku_name": "Basic",
            "ssl_port": 6380,
            "subnet_id": "",
            "tags": null,
            "tenant_settings": null,
            "timeouts": null,
            "zones": null
          },
          "sensitive_attributes": [
            [
              {
                "type": "get_attr",
                "value": "primary_access_key"
              }
            ],
            [
              {
                "type": "get_attr",
                "value": "primary_connection_string"
              }
            ],
            [
              {
                "type": "get_attr",
                "value": "redis_configuration"
              },
              {
                "type": "index",
                "value": {
                  "value": 0,
                  "type": "number"
                }
              },
              {
                "type": "get_attr",
                "value": "aof_storage_connection_string_0"
              }
            ],
            [
              {
                "type": "get_attr",
                "value": "redis_configuration"
              },
              {
                "type": "index",
                "value": {
                  "value": 0,
                  "type": "number"
                }
              },
              {
                "type": "get_attr",
                "value": "aof_storage_connection_string_1"
              }
            ],
            [
              {
                "type": "get_attr",
                "value": "redis_configuration"
              },
              {
                "type": "index",
                "value": {
                  "value": 0,
                  "type": "number"
                }
              },
              {
                "type": "get_attr",
                "value": "rdb_storage_connection_string"
              }
            ],
            [
              {
                "type": "get_attr",
                "value": "secondary_access_key"
              }
            ],
            [
              {
                "type": "get_attr",
                "value": "secondary_connection_string"
              }
            ]
          ],
          "identity_schema_version": 0,
          "private": "eyJlMmJmYjczMC1lY2FhLTExZTYtOGY4OC0zNDM2M2JjN2M0YzAiOnsiY3JlYXRlIjoxMDgwMDAwMDAwMDAwMCwiZGVsZXRlIjoxMDgwMDAwMDAwMDAwMCwicmVhZCI6MzAwMDAwMDAwMDAwLCJ1cGRhdGUiOjEwODAwMDAwMDAwMDAwfSwic2NoZW1hX3ZlcnNpb24iOiIxIn0=",
          "dependencies": [
            "data.azurerm_resource_group.existing_rg",
            "random_string.suffix"
          ]
        }
      ]
    },
    {
      "mode": "managed",
      "type": "random_string",
      "name": "suffix",
      "provider": "provider[\"registry.terraform.io/hashicorp/random\"]",
      "instances": [
        {
          "schema_version": 2,
          "attributes": {
            "id": "cqg2ev",
            "keepers": null,
            "length": 6,
            "lower": true,
            "min_lower": 0,
            "min_numeric": 0,
            "min_special": 0,
            "min_upper": 0,
            "number": true,
            "numeric": true,
            "override_special": null,
            "result": "cqg2ev",
            "special": false,
            "upper": false
          },
          "sensitive_attributes": [],
          "identity_schema_version": 0
        }
      ]
    }
  ],
  "check_results": [
    {
      "object_kind": "var",
      "config_addr": "var.db_username",
      "status": "pass",
      "objects": [
        {
          "object_addr": "var.db_username",
          "status": "pass"
        }
      ]
    }
  ]
}
